
Microsoft Visual Studio Solution File, Format Version 12.00
# Visual Studio Version 17
VisualStudioVersion = 17.8.34309.116
MinimumVisualStudioVersion = 10.0.40219.1
Project("{9A19103F-16F7-4668-BE54-9A1E7A4F7556}") = "nyt-crossword-downloader", "nyt-crossword-downloader\nyt-crossword-downloader.csproj", "{B5D902F5-5F25-4095-8145-F70B7ACB4412}"
EndProject
Project("{2150E333-8FDC-42A3-9474-1A3956D46DE8}") = "Solution Items", "Solution Items", "{D0AF610D-CC5B-42D4-8E3D-947A62348D09}"
	ProjectSection(SolutionItems) = preProject
		README.md = README.md
	EndProjectSection
EndProject
Global
	GlobalSection(SolutionConfigurationPlatforms) = preSolution
		Debug|Any CPU = Debug|Any CPU
		Release|Any CPU = Release|Any CPU
	EndGlobalSection
	GlobalSection(ProjectConfigurationPlatforms) = postSolution
		{B5D902F5-5F25-4095-8145-F70B7ACB4412}.Debug|Any CPU.ActiveCfg = Debug|Any CPU
		{B5D902F5-5F25-4095-8145-F70B7ACB4412}.Debug|Any CPU.Build.0 = Debug|Any CPU
		{B5D902F5-5F25-4095-8145-F70B7ACB4412}.Release|Any CPU.ActiveCfg = Release|Any CPU
		{B5D902F5-5F25-4095-8145-F70B7ACB4412}.Release|Any CPU.Build.0 = Release|Any CPU
	EndGlobalSection
	GlobalSection(SolutionProperties) = preSolution
		HideSolutionNode = FALSE
	EndGlobalSection
	GlobalSection(ExtensibilityGlobals) = postSolution
		SolutionGuid = {71389D72-981C-493D-A058-4E6616AD4364}
	EndGlobalSection
EndGlobal
